
Microsoft Visual Studio Solution File, Format Version 12.00
# Visual Studio 15
VisualStudioVersion = 15.0.28307.960
MinimumVisualStudioVersion = 10.0.40219.1
Project("{9A19103F-16F7-4668-BE54-9A1E7A4F7556}") = "IRO_UNMO.WebAPI", "IRO_UNMO.WebAPI\IRO_UNMO.WebAPI.csproj", "{6BDFD3FA-0620-42F2-BCA2-9E25E2167473}"
	ProjectSection(ProjectDependencies) = postProject
		{E1434E58-7325-404F-8794-1599C6B421D4} = {E1434E58-7325-404F-8794-1599C6B421D4}
	EndProjectSection
EndProject
Project("{9A19103F-16F7-4668-BE54-9A1E7A4F7556}") = "IRO_UNMO.App", "IRO_UNMO.App\IRO_UNMO.App.csproj", "{3FF05A7A-EB9C-4A38-A051-D122F726087A}"
EndProject
Project("{9A19103F-16F7-4668-BE54-9A1E7A4F7556}") = "IRO_UNMO.Model", "IRO_UNMO.Model\IRO_UNMO.Model.csproj", "{E1434E58-7325-404F-8794-1599C6B421D4}"
EndProject
Project("{2150E333-8FDC-42A3-9474-1A3956D46DE8}") = "IRO_UNMO.MobileApp", "IRO_UNMO.MobileApp", "{DF4CEF0D-72A9-44B8-A7A3-912B732E7C81}"
EndProject
Project("{FAE04EC0-301F-11D3-BF4B-00C04F79EFBC}") = "IRO_UNMO.Mobile.UWP", "IRO_UNMO.Mobile\IRO_UNMO.Mobile.UWP\IRO_UNMO.Mobile.UWP.csproj", "{4648A08C-FCE0-49F7-B7F7-C36A5AE111C7}"
EndProject
Project("{FAE04EC0-301F-11D3-BF4B-00C04F79EFBC}") = "IRO_UNMO.Mobile", "IRO_UNMO.Mobile\IRO_UNMO.Mobile\IRO_UNMO.Mobile.csproj", "{8A1638DE-5830-48B9-AE41-5781C54CEE31}"
	ProjectSection(ProjectDependencies) = postProject
		{E1434E58-7325-404F-8794-1599C6B421D4} = {E1434E58-7325-404F-8794-1599C6B421D4}
	EndProjectSection
EndProject
Global
	GlobalSection(SolutionConfigurationPlatforms) = preSolution
		Debug|Any CPU = Debug|Any CPU
		Debug|ARM = Debug|ARM
		Debug|x64 = Debug|x64
		Debug|x86 = Debug|x86
		Release|Any CPU = Release|Any CPU
		Release|ARM = Release|ARM
		Release|x64 = Release|x64
		Release|x86 = Release|x86
	EndGlobalSection
	GlobalSection(ProjectConfigurationPlatforms) = postSolution
		{6BDFD3FA-0620-42F2-BCA2-9E25E2167473}.Debug|Any CPU.ActiveCfg = Debug|Any CPU
		{6BDFD3FA-0620-42F2-BCA2-9E25E2167473}.Debug|Any CPU.Build.0 = Debug|Any CPU
		{6BDFD3FA-0620-42F2-BCA2-9E25E2167473}.Debug|ARM.ActiveCfg = Debug|Any CPU
		{6BDFD3FA-0620-42F2-BCA2-9E25E2167473}.Debug|ARM.Build.0 = Debug|Any CPU
		{6BDFD3FA-0620-42F2-BCA2-9E25E2167473}.Debug|x64.ActiveCfg = Debug|Any CPU
		{6BDFD3FA-0620-42F2-BCA2-9E25E2167473}.Debug|x64.Build.0 = Debug|Any CPU
		{6BDFD3FA-0620-42F2-BCA2-9E25E2167473}.Debug|x86.ActiveCfg = Debug|Any CPU
		{6BDFD3FA-0620-42F2-BCA2-9E25E2167473}.Debug|x86.Build.0 = Debug|Any CPU
		{6BDFD3FA-0620-42F2-BCA2-9E25E2167473}.Release|Any CPU.ActiveCfg = Release|Any CPU
		{6BDFD3FA-0620-42F2-BCA2-9E25E2167473}.Release|Any CPU.Build.0 = Release|Any CPU
		{6BDFD3FA-0620-42F2-BCA2-9E25E2167473}.Release|ARM.ActiveCfg = Release|Any CPU
		{6BDFD3FA-0620-42F2-BCA2-9E25E2167473}.Release|ARM.Build.0 = Release|Any CPU
		{6BDFD3FA-0620-42F2-BCA2-9E25E2167473}.Release|x64.ActiveCfg = Release|Any CPU
		{6BDFD3FA-0620-42F2-BCA2-9E25E2167473}.Release|x64.Build.0 = Release|Any CPU
		{6BDFD3FA-0620-42F2-BCA2-9E25E2167473}.Release|x86.ActiveCfg = Release|Any CPU
		{6BDFD3FA-0620-42F2-BCA2-9E25E2167473}.Release|x86.Build.0 = Release|Any CPU
		{3FF05A7A-EB9C-4A38-A051-D122F726087A}.Debug|Any CPU.ActiveCfg = Debug|Any CPU
		{3FF05A7A-EB9C-4A38-A051-D122F726087A}.Debug|Any CPU.Build.0 = Debug|Any CPU
		{3FF05A7A-EB9C-4A38-A051-D122F726087A}.Debug|ARM.ActiveCfg = Debug|Any CPU
		{3FF05A7A-EB9C-4A38-A051-D122F726087A}.Debug|ARM.Build.0 = Debug|Any CPU
		{3FF05A7A-EB9C-4A38-A051-D122F726087A}.Debug|x64.ActiveCfg = Debug|Any CPU
		{3FF05A7A-EB9C-4A38-A051-D122F726087A}.Debug|x64.Build.0 = Debug|Any CPU
		{3FF05A7A-EB9C-4A38-A051-D122F726087A}.Debug|x86.ActiveCfg = Debug|Any CPU
		{3FF05A7A-EB9C-4A38-A051-D122F726087A}.Debug|x86.Build.0 = Debug|Any CPU
		{3FF05A7A-EB9C-4A38-A051-D122F726087A}.Release|Any CPU.ActiveCfg = Release|Any CPU
		{3FF05A7A-EB9C-4A38-A051-D122F726087A}.Release|Any CPU.Build.0 = Release|Any CPU
		{3FF05A7A-EB9C-4A38-A051-D122F726087A}.Release|ARM.ActiveCfg = Release|Any CPU
		{3FF05A7A-EB9C-4A38-A051-D122F726087A}.Release|ARM.Build.0 = Release|Any CPU
		{3FF05A7A-EB9C-4A38-A051-D122F726087A}.Release|x64.ActiveCfg = Release|Any CPU
		{3FF05A7A-EB9C-4A38-A051-D122F726087A}.Release|x64.Build.0 = Release|Any CPU
		{3FF05A7A-EB9C-4A38-A051-D122F726087A}.Release|x86.ActiveCfg = Release|Any CPU
		{3FF05A7A-EB9C-4A38-A051-D122F726087A}.Release|x86.Build.0 = Release|Any CPU
		{E1434E58-7325-404F-8794-1599C6B421D4}.Debug|Any CPU.ActiveCfg = Debug|Any CPU
		{E1434E58-7325-404F-8794-1599C6B421D4}.Debug|Any CPU.Build.0 = Debug|Any CPU
		{E1434E58-7325-404F-8794-1599C6B421D4}.Debug|ARM.ActiveCfg = Debug|Any CPU
		{E1434E58-7325-404F-8794-1599C6B421D4}.Debug|ARM.Build.0 = Debug|Any CPU
		{E1434E58-7325-404F-8794-1599C6B421D4}.Debug|x64.ActiveCfg = Debug|Any CPU
		{E1434E58-7325-404F-8794-1599C6B421D4}.Debug|x64.Build.0 = Debug|Any CPU
		{E1434E58-7325-404F-8794-1599C6B421D4}.Debug|x86.ActiveCfg = Debug|Any CPU
		{E1434E58-7325-404F-8794-1599C6B421D4}.Debug|x86.Build.0 = Debug|Any CPU
		{E1434E58-7325-404F-8794-1599C6B421D4}.Release|Any CPU.ActiveCfg = Release|Any CPU
		{E1434E58-7325-404F-8794-1599C6B421D4}.Release|Any CPU.Build.0 = Release|Any CPU
		{E1434E58-7325-404F-8794-1599C6B421D4}.Release|ARM.ActiveCfg = Release|Any CPU
		{E1434E58-7325-404F-8794-1599C6B421D4}.Release|ARM.Build.0 = Release|Any CPU
		{E1434E58-7325-404F-8794-1599C6B421D4}.Release|x64.ActiveCfg = Release|Any CPU
		{E1434E58-7325-404F-8794-1599C6B421D4}.Release|x64.Build.0 = Release|Any CPU
		{E1434E58-7325-404F-8794-1599C6B421D4}.Release|x86.ActiveCfg = Release|Any CPU
		{E1434E58-7325-404F-8794-1599C6B421D4}.Release|x86.Build.0 = Release|Any CPU
		{4648A08C-FCE0-49F7-B7F7-C36A5AE111C7}.Debug|Any CPU.ActiveCfg = Debug|x86
		{4648A08C-FCE0-49F7-B7F7-C36A5AE111C7}.Debug|ARM.ActiveCfg = Debug|ARM
		{4648A08C-FCE0-49F7-B7F7-C36A5AE111C7}.Debug|ARM.Build.0 = Debug|ARM
		{4648A08C-FCE0-49F7-B7F7-C36A5AE111C7}.Debug|ARM.Deploy.0 = Debug|ARM
		{4648A08C-FCE0-49F7-B7F7-C36A5AE111C7}.Debug|x64.ActiveCfg = Debug|x64
		{4648A08C-FCE0-49F7-B7F7-C36A5AE111C7}.Debug|x64.Build.0 = Debug|x64
		{4648A08C-FCE0-49F7-B7F7-C36A5AE111C7}.Debug|x64.Deploy.0 = Debug|x64
		{4648A08C-FCE0-49F7-B7F7-C36A5AE111C7}.Debug|x86.ActiveCfg = Debug|x86
		{4648A08C-FCE0-49F7-B7F7-C36A5AE111C7}.Debug|x86.Build.0 = Debug|x86
		{4648A08C-FCE0-49F7-B7F7-C36A5AE111C7}.Debug|x86.Deploy.0 = Debug|x86
		{4648A08C-FCE0-49F7-B7F7-C36A5AE111C7}.Release|Any CPU.ActiveCfg = Release|x86
		{4648A08C-FCE0-49F7-B7F7-C36A5AE111C7}.Release|ARM.ActiveCfg = Release|ARM
		{4648A08C-FCE0-49F7-B7F7-C36A5AE111C7}.Release|ARM.Build.0 = Release|ARM
		{4648A08C-FCE0-49F7-B7F7-C36A5AE111C7}.Release|ARM.Deploy.0 = Release|ARM
		{4648A08C-FCE0-49F7-B7F7-C36A5AE111C7}.Release|x64.ActiveCfg = Release|x64
		{4648A08C-FCE0-49F7-B7F7-C36A5AE111C7}.Release|x64.Build.0 = Release|x64
		{4648A08C-FCE0-49F7-B7F7-C36A5AE111C7}.Release|x64.Deploy.0 = Release|x64
		{4648A08C-FCE0-49F7-B7F7-C36A5AE111C7}.Release|x86.ActiveCfg = Release|x86
		{4648A08C-FCE0-49F7-B7F7-C36A5AE111C7}.Release|x86.Build.0 = Release|x86
		{4648A08C-FCE0-49F7-B7F7-C36A5AE111C7}.Release|x86.Deploy.0 = Release|x86
		{8A1638DE-5830-48B9-AE41-5781C54CEE31}.Debug|Any CPU.ActiveCfg = Debug|Any CPU
		{8A1638DE-5830-48B9-AE41-5781C54CEE31}.Debug|Any CPU.Build.0 = Debug|Any CPU
		{8A1638DE-5830-48B9-AE41-5781C54CEE31}.Debug|ARM.ActiveCfg = Debug|Any CPU
		{8A1638DE-5830-48B9-AE41-5781C54CEE31}.Debug|ARM.Build.0 = Debug|Any CPU
		{8A1638DE-5830-48B9-AE41-5781C54CEE31}.Debug|x64.ActiveCfg = Debug|Any CPU
		{8A1638DE-5830-48B9-AE41-5781C54CEE31}.Debug|x64.Build.0 = Debug|Any CPU
		{8A1638DE-5830-48B9-AE41-5781C54CEE31}.Debug|x86.ActiveCfg = Debug|Any CPU
		{8A1638DE-5830-48B9-AE41-5781C54CEE31}.Debug|x86.Build.0 = Debug|Any CPU
		{8A1638DE-5830-48B9-AE41-5781C54CEE31}.Release|Any CPU.ActiveCfg = Release|Any CPU
		{8A1638DE-5830-48B9-AE41-5781C54CEE31}.Release|Any CPU.Build.0 = Release|Any CPU
		{8A1638DE-5830-48B9-AE41-5781C54CEE31}.Release|ARM.ActiveCfg = Release|Any CPU
		{8A1638DE-5830-48B9-AE41-5781C54CEE31}.Release|ARM.Build.0 = Release|Any CPU
		{8A1638DE-5830-48B9-AE41-5781C54CEE31}.Release|x64.ActiveCfg = Release|Any CPU
		{8A1638DE-5830-48B9-AE41-5781C54CEE31}.Release|x64.Build.0 = Release|Any CPU
		{8A1638DE-5830-48B9-AE41-5781C54CEE31}.Release|x86.ActiveCfg = Release|Any CPU
		{8A1638DE-5830-48B9-AE41-5781C54CEE31}.Release|x86.Build.0 = Release|Any CPU
	EndGlobalSection
	GlobalSection(SolutionProperties) = preSolution
		HideSolutionNode = FALSE
	EndGlobalSection
	GlobalSection(NestedProjects) = preSolution
		{4648A08C-FCE0-49F7-B7F7-C36A5AE111C7} = {DF4CEF0D-72A9-44B8-A7A3-912B732E7C81}
		{8A1638DE-5830-48B9-AE41-5781C54CEE31} = {DF4CEF0D-72A9-44B8-A7A3-912B732E7C81}
	EndGlobalSection
	GlobalSection(ExtensibilityGlobals) = postSolution
		SolutionGuid = {A0943278-EF9B-417B-AE50-DFDFF2819872}
	EndGlobalSection
EndGlobal
